// !$*UTF8*$!
{
	archiveVersion = 1;
	classes = {
	};
	objectVersion = 90;
	objects = {

/* Begin PBXBuildFile section */
		4C0F1DD42F1C50E400EF3940 /* GRDB in Frameworks */ = {isa = PBXBuildFile; productRef = 4C0F1DD32F1C50E400EF3940 /* GRDB */; };
		4C2018472F36AFCE009A6A19 /* DatabaseModels in Frameworks */ = {isa = PBXBuildFile; productRef = 4C0F1DD62F1C50E400EF3942 /* DatabaseModels */; };
		4CTESTAB2F200000099662B /* GRDB in Frameworks */ = {isa = PBXBuildFile; productRef = 4CTESTAD2F200000099662B /* GRDB */; };
		4CTESTAC2F200000099662B /* DatabaseModels in Frameworks */ = {isa = PBXBuildFile; productRef = 4CTESTAE2F200000099662B /* DatabaseModels */; };
/* End PBXBuildFile section */

/* Begin PBXContainerItemProxy section */
		4CTESTA92F200000099662B /* PBXContainerItemProxy */ = {
			isa = PBXContainerItemProxy;
			containerPortal = 4C937AE72F1AF44E0099662B /* Project object */;
			proxyType = 1;
			remoteGlobalIDString = 4C937AEE2F1AF44E0099662B;
			remoteInfo = build_system;
		};
/* End PBXContainerItemProxy section */

/* Begin PBXCopyFilesBuildPhase section */
		4C937AED2F1AF44E0099662B /* CopyFiles */ = {
			isa = PBXCopyFilesBuildPhase;
			dstPath = /usr/share/man/man1/;
			dstSubfolder = None;
			files = (
			);
			runOnlyForDeploymentPostprocessing = 1;
		};
/* End PBXCopyFilesBuildPhase section */

/* Begin PBXFileReference section */
		4C937AEF2F1AF44E0099662B /* build_system */ = {isa = PBXFileReference; explicitFileType = "compiled.mach-o.executable"; includeInIndex = 0; path = build_system; sourceTree = BUILT_PRODUCTS_DIR; };
		4CB1B8732FF0D7A40022086A /* build_system.xctestplan */ = {isa = PBXFileReference; lastKnownFileType = text; path = build_system.xctestplan; sourceTree = "<group>"; };
		4CTESTA52F200000099662B /* build_systemTests.xctest */ = {isa = PBXFileReference; explicitFileType = wrapper.cfbundle; includeInIndex = 0; path = build_systemTests.xctest; sourceTree = BUILT_PRODUCTS_DIR; };
/* End PBXFileReference section */

/* Begin PBXFileSystemSynchronizedBuildFileExceptionSet section */
		4CB1B8712FF0D77D0022086A /* Exceptions for "build_system" folder in "build_system" target */ = {
			isa = PBXFileSystemSynchronizedBuildFileExceptionSet;
			membershipExceptions = (
				build_system_tests/GraphShapeTests.swift,
				build_system_tests/NodeValueTests.swift,
				build_system_tests/PolyFactoryTests.swift,
			);
			target = 4C937AEE2F1AF44E0099662B /* build_system */;
		};
		4CB1B8722FF0D77D0022086A /* Exceptions for "build_system" folder in "build_systemTests" target */ = {
			isa = PBXFileSystemSynchronizedBuildFileExceptionSet;
			membershipExceptions = (
				main.swift,
			);
			target = 4CTESTA12F200000099662B /* build_systemTests */;
		};
/* End PBXFileSystemSynchronizedBuildFileExceptionSet section */

/* Begin PBXFileSystemSynchronizedRootGroup section */
		4C937AF12F1AF44E0099662B /* build_system */ = {
			isa = PBXFileSystemSynchronizedRootGroup;
			exceptions = (
				4CB1B8712FF0D77D0022086A /* Exceptions for "build_system" folder in "build_system" target */,
				4CB1B8722FF0D77D0022086A /* Exceptions for "build_system" folder in "build_systemTests" target */,
			);
			path = build_system;
			sourceTree = "<group>";
		};
/* End PBXFileSystemSynchronizedRootGroup section */

/* Begin PBXFrameworksBuildPhase section */
		4C937AEC2F1AF44E0099662B /* Frameworks */ = {
			isa = PBXFrameworksBuildPhase;
			files = (
				4C2018472F36AFCE009A6A19 /* DatabaseModels in Frameworks */,
				4C0F1DD42F1C50E400EF3940 /* GRDB in Frameworks */,
			);
		};
		4CTESTA72F200000099662B /* Frameworks */ = {
			isa = PBXFrameworksBuildPhase;
			files = (
				4CTESTAB2F200000099662B /* GRDB in Frameworks */,
				4CTESTAC2F200000099662B /* DatabaseModels in Frameworks */,
			);
		};
/* End PBXFrameworksBuildPhase section */

/* Begin PBXGroup section */
		4C0F1DD72F1C52B400EF3940 /* Frameworks */ = {
			isa = PBXGroup;
			children = (
			);
			name = Frameworks;
			sourceTree = "<group>";
		};
		4C937AE62F1AF44E0099662B = {
			isa = PBXGroup;
			children = (
				4CB1B8732FF0D7A40022086A /* build_system.xctestplan */,
				4C937AF12F1AF44E0099662B /* build_system */,
				4C0F1DD72F1C52B400EF3940 /* Frameworks */,
				4C937AF02F1AF44E0099662B /* Products */,
			);
			sourceTree = "<group>";
		};
		4C937AF02F1AF44E0099662B /* Products */ = {
			isa = PBXGroup;
			children = (
				4C937AEF2F1AF44E0099662B /* build_system */,
				4CTESTA52F200000099662B /* build_systemTests.xctest */,
			);
			name = Products;
			sourceTree = "<group>";
		};
/* End PBXGroup section */

/* Begin PBXNativeTarget section */
		4C937AEE2F1AF44E0099662B /* build_system */ = {
			isa = PBXNativeTarget;
			buildConfigurationList = 4C937AF62F1AF44E0099662B /* Build configuration list for PBXNativeTarget "build_system" */;
			buildPhases = (
				4C937AEB2F1AF44E0099662B /* Sources */,
				4C937AEC2F1AF44E0099662B /* Frameworks */,
				4C937AED2F1AF44E0099662B /* CopyFiles */,
			);
			buildRules = (
			);
			fileSystemSynchronizedGroups = (
				4C937AF12F1AF44E0099662B /* build_system */,
			);
			name = build_system;
			packageProductDependencies = (
				4C0F1DD32F1C50E400EF3940 /* GRDB */,
				4C0F1DD62F1C50E400EF3942 /* DatabaseModels */,
			);
			productName = build_system;
			productReference = 4C937AEF2F1AF44E0099662B /* build_system */;
			productType = "com.apple.product-type.tool";
		};
		4CTESTA12F200000099662B /* build_systemTests */ = {
			isa = PBXNativeTarget;
			buildConfigurationList = 4CTESTA22F200000099662B /* Build configuration list for PBXNativeTarget "build_systemTests" */;
			buildPhases = (
				4CTESTA62F200000099662B /* Sources */,
				4CTESTA72F200000099662B /* Frameworks */,
			);
			buildRules = (
			);
			dependencies = (
				4CTESTAA2F200000099662B /* PBXTargetDependency */,
			);
			fileSystemSynchronizedGroups = (
				4C937AF12F1AF44E0099662B /* build_system */,
			);
			name = build_systemTests;
			packageProductDependencies = (
				4CTESTAD2F200000099662B /* GRDB */,
				4CTESTAE2F200000099662B /* DatabaseModels */,
			);
			productName = build_systemTests;
			productReference = 4CTESTA52F200000099662B /* build_systemTests.xctest */;
			productType = "com.apple.product-type.bundle.unit-test";
		};
/* End PBXNativeTarget section */

/* Begin PBXProject section */
		4C937AE72F1AF44E0099662B /* Project object */ = {
			isa = PBXProject;
			attributes = {
				BuildIndependentTargetsInParallel = 1;
				LastSwiftUpdateCheck = 2620;
				LastUpgradeCheck = 2620;
				TargetAttributes = {
					4C937AEE2F1AF44E0099662B = {
						CreatedOnToolsVersion = 26.2;
					};
					4CTESTA12F200000099662B = {
						CreatedOnToolsVersion = 26.2;
						TestTargetID = 4C937AEE2F1AF44E0099662B;
					};
				};
			};
			buildConfigurationList = 4C937AEA2F1AF44E0099662B /* Build configuration list for PBXProject "build_system" */;
			developmentRegion = en;
			hasScannedForEncodings = 0;
			knownRegions = (
				en,
				Base,
			);
			mainGroup = 4C937AE62F1AF44E0099662B;
			minimizedProjectReferenceProxies = 1;
			packageReferences = (
				4C0F1DD22F1C50E400EF3940 /* XCRemoteSwiftPackageReference "GRDB.swift" */,
			);
			preferredProjectObjectVersion = 90;
			productRefGroup = 4C937AF02F1AF44E0099662B /* Products */;
			projectDirPath = "";
			projectRoot = "";
			targets = (
				4C937AEE2F1AF44E0099662B /* build_system */,
				4CTESTA12F200000099662B /* build_systemTests */,
			);
		};
/* End PBXProject section */

/* Begin PBXSourcesBuildPhase section */
		4C937AEB2F1AF44E0099662B /* Sources */ = {
			isa = PBXSourcesBuildPhase;
			files = (
			);
		};
		4CTESTA62F200000099662B /* Sources */ = {
			isa = PBXSourcesBuildPhase;
			files = (
			);
		};
/* End PBXSourcesBuildPhase section */

/* Begin PBXTargetDependency section */
		4CTESTAA2F200000099662B /* PBXTargetDependency */ = {
			isa = PBXTargetDependency;
			target = 4C937AEE2F1AF44E0099662B /* build_system */;
			targetProxy = 4CTESTA92F200000099662B /* PBXContainerItemProxy */;
		};
/* End PBXTargetDependency section */

/* Begin XCBuildConfiguration section */
		4C937AF42F1AF44E0099662B /* Debug configuration for PBXProject "build_system" */ = {
			isa = XCBuildConfiguration;
			buildSettings = {
				ALWAYS_SEARCH_USER_PATHS = NO;
				ASSETCATALOG_COMPILER_GENERATE_SWIFT_ASSET_SYMBOL_EXTENSIONS = YES;
				CLANG_ANALYZER_NONNULL = YES;
				CLANG_ANALYZER_NUMBER_OBJECT_CONVERSION = YES_AGGRESSIVE;
				CLANG_CXX_LANGUAGE_STANDARD = "gnu++20";
				CLANG_ENABLE_MODULES = YES;
				CLANG_ENABLE_OBJC_ARC = YES;
				CLANG_ENABLE_OBJC_WEAK = YES;
				CLANG_WARN_BLOCK_CAPTURE_AUTORELEASING = YES;
				CLANG_WARN_BOOL_CONVERSION = YES;
				CLANG_WARN_COMMA = YES;
				CLANG_WARN_CONSTANT_CONVERSION = YES;
				CLANG_WARN_DEPRECATED_OBJC_IMPLEMENTATIONS = YES;
				CLANG_WARN_DIRECT_OBJC_ISA_USAGE = YES_ERROR;
				CLANG_WARN_DOCUMENTATION_COMMENTS = YES;
				CLANG_WARN_EMPTY_BODY = YES;
				CLANG_WARN_ENUM_CONVERSION = YES;
				CLANG_WARN_INFINITE_RECURSION = YES;
				CLANG_WARN_INT_CONVERSION = YES;
				CLANG_WARN_NON_LITERAL_NULL_CONVERSION = YES;
				CLANG_WARN_OBJC_IMPLICIT_RETAIN_SELF = YES;
				CLANG_WARN_OBJC_LITERAL_CONVERSION = YES;
				CLANG_WARN_OBJC_ROOT_CLASS = YES_ERROR;
				CLANG_WARN_QUOTED_INCLUDE_IN_FRAMEWORK_HEADER = YES;
				CLANG_WARN_RANGE_LOOP_ANALYSIS = YES;
				CLANG_WARN_STRICT_PROTOTYPES = YES;
				CLANG_WARN_SUSPICIOUS_MOVE = YES;
				CLANG_WARN_UNGUARDED_AVAILABILITY = YES_AGGRESSIVE;
				CLANG_WARN_UNREACHABLE_CODE = YES;
				CLANG_WARN__DUPLICATE_METHOD_MATCH = YES;
				COPY_PHASE_STRIP = NO;
				DEBUG_INFORMATION_FORMAT = dwarf;
				DEVELOPMENT_TEAM = 4BK48BYJRG;
				ENABLE_STRICT_OBJC_MSGSEND = YES;
				ENABLE_TESTABILITY = YES;
				ENABLE_USER_SCRIPT_SANDBOXING = YES;
				GCC_C_LANGUAGE_STANDARD = gnu17;
				GCC_DYNAMIC_NO_PIC = NO;
				GCC_NO_COMMON_BLOCKS = YES;
				GCC_OPTIMIZATION_LEVEL = 0;
				GCC_PREPROCESSOR_DEFINITIONS = (
					"DEBUG=1",
					"$(inherited)",
				);
				GCC_WARN_64_TO_32_BIT_CONVERSION = YES;
				GCC_WARN_ABOUT_RETURN_TYPE = YES_ERROR;
				GCC_WARN_UNDECLARED_SELECTOR = YES;
				GCC_WARN_UNINITIALIZED_AUTOS = YES_AGGRESSIVE;
				GCC_WARN_UNUSED_FUNCTION = YES;
				GCC_WARN_UNUSED_VARIABLE = YES;
				LOCALIZATION_PREFERS_STRING_CATALOGS = YES;
				MACOSX_DEPLOYMENT_TARGET = 26.0;
				MTL_ENABLE_DEBUG_INFO = INCLUDE_SOURCE;
				MTL_FAST_MATH = YES;
				ONLY_ACTIVE_ARCH = YES;
				SDKROOT = macosx;
				SWIFT_ACTIVE_COMPILATION_CONDITIONS = "DEBUG $(inherited)";
				SWIFT_OPTIMIZATION_LEVEL = "-Onone";
			};
			name = Debug;
		};
		4C937AF52F1AF44E0099662B /* Release configuration for PBXProject "build_system" */ = {
			isa = XCBuildConfiguration;
			buildSettings = {
				ALWAYS_SEARCH_USER_PATHS = NO;
				ASSETCATALOG_COMPILER_GENERATE_SWIFT_ASSET_SYMBOL_EXTENSIONS = YES;
				CLANG_ANALYZER_NONNULL = YES;
				CLANG_ANALYZER_NUMBER_OBJECT_CONVERSION = YES_AGGRESSIVE;
				CLANG_CXX_LANGUAGE_STANDARD = "gnu++20";
				CLANG_ENABLE_MODULES = YES;
				CLANG_ENABLE_OBJC_ARC = YES;
				CLANG_ENABLE_OBJC_WEAK = YES;
				CLANG_WARN_BLOCK_CAPTURE_AUTORELEASING = YES;
				CLANG_WARN_BOOL_CONVERSION = YES;
				CLANG_WARN_COMMA = YES;
				CLANG_WARN_CONSTANT_CONVERSION = YES;
				CLANG_WARN_DEPRECATED_OBJC_IMPLEMENTATIONS = YES;
				CLANG_WARN_DIRECT_OBJC_ISA_USAGE = YES_ERROR;
				CLANG_WARN_DOCUMENTATION_COMMENTS = YES;
				CLANG_WARN_EMPTY_BODY = YES;
				CLANG_WARN_ENUM_CONVERSION = YES;
				CLANG_WARN_INFINITE_RECURSION = YES;
				CLANG_WARN_INT_CONVERSION = YES;
				CLANG_WARN_NON_LITERAL_NULL_CONVERSION = YES;
				CLANG_WARN_OBJC_IMPLICIT_RETAIN_SELF = YES;
				CLANG_WARN_OBJC_LITERAL_CONVERSION = YES;
				CLANG_WARN_OBJC_ROOT_CLASS = YES_ERROR;
				CLANG_WARN_QUOTED_INCLUDE_IN_FRAMEWORK_HEADER = YES;
				CLANG_WARN_RANGE_LOOP_ANALYSIS = YES;
				CLANG_WARN_STRICT_PROTOTYPES = YES;
				CLANG_WARN_SUSPICIOUS_MOVE = YES;
				CLANG_WARN_UNGUARDED_AVAILABILITY = YES_AGGRESSIVE;
				CLANG_WARN_UNREACHABLE_CODE = YES;
				CLANG_WARN__DUPLICATE_METHOD_MATCH = YES;
				COPY_PHASE_STRIP = NO;
				DEBUG_INFORMATION_FORMAT = "dwarf-with-dsym";
				DEVELOPMENT_TEAM = 4BK48BYJRG;
				ENABLE_NS_ASSERTIONS = NO;
				ENABLE_STRICT_OBJC_MSGSEND = YES;
				ENABLE_USER_SCRIPT_SANDBOXING = YES;
				GCC_C_LANGUAGE_STANDARD = gnu17;
				GCC_NO_COMMON_BLOCKS = YES;
				GCC_WARN_64_TO_32_BIT_CONVERSION = YES;
				GCC_WARN_ABOUT_RETURN_TYPE = YES_ERROR;
				GCC_WARN_UNDECLARED_SELECTOR = YES;
				GCC_WARN_UNINITIALIZED_AUTOS = YES_AGGRESSIVE;
				GCC_WARN_UNUSED_FUNCTION = YES;
				GCC_WARN_UNUSED_VARIABLE = YES;
				LOCALIZATION_PREFERS_STRING_CATALOGS = YES;
				MACOSX_DEPLOYMENT_TARGET = 26.0;
				MTL_ENABLE_DEBUG_INFO = NO;
				MTL_FAST_MATH = YES;
				SDKROOT = macosx;
				SWIFT_COMPILATION_MODE = wholemodule;
			};
			name = Release;
		};
		4C937AF72F1AF44E0099662B /* Debug configuration for PBXNativeTarget "build_system" */ = {
			isa = XCBuildConfiguration;
			buildSettings = {
				CODE_SIGN_STYLE = Automatic;
				DEVELOPMENT_TEAM = 4BK48BYJRG;
				ENABLE_HARDENED_RUNTIME = YES;
				PRODUCT_NAME = "$(TARGET_NAME)";
				SWIFT_APPROACHABLE_CONCURRENCY = YES;
				SWIFT_UPCOMING_FEATURE_MEMBER_IMPORT_VISIBILITY = YES;
				SWIFT_VERSION = 5.0;
			};
			name = Debug;
		};
		4C937AF82F1AF44E0099662B /* Release configuration for PBXNativeTarget "build_system" */ = {
			isa = XCBuildConfiguration;
			buildSettings = {
				CODE_SIGN_STYLE = Automatic;
				DEVELOPMENT_TEAM = 4BK48BYJRG;
				ENABLE_HARDENED_RUNTIME = YES;
				PRODUCT_NAME = "$(TARGET_NAME)";
				SWIFT_APPROACHABLE_CONCURRENCY = YES;
				SWIFT_UPCOMING_FEATURE_MEMBER_IMPORT_VISIBILITY = YES;
				SWIFT_VERSION = 5.0;
			};
			name = Release;
		};
		4CTESTA32F200000099662B /* Debug configuration for PBXNativeTarget "build_systemTests" */ = {
			isa = XCBuildConfiguration;
			buildSettings = {
				CODE_SIGN_STYLE = Automatic;
				DEVELOPMENT_TEAM = 4BK48BYJRG;
				GENERATE_INFOPLIST_FILE = YES;
				PRODUCT_BUNDLE_IDENTIFIER = "jade.build-system-tests";
				PRODUCT_NAME = "$(TARGET_NAME)";
				SWIFT_ACTIVE_COMPILATION_CONDITIONS = "UNIT_TESTING DEBUG $(inherited)";
				SWIFT_APPROACHABLE_CONCURRENCY = YES;
				SWIFT_UPCOMING_FEATURE_MEMBER_IMPORT_VISIBILITY = YES;
				SWIFT_VERSION = 5.0;
			};
			name = Debug;
		};
		4CTESTA42F200000099662B /* Release configuration for PBXNativeTarget "build_systemTests" */ = {
			isa = XCBuildConfiguration;
			buildSettings = {
				CODE_SIGN_STYLE = Automatic;
				DEVELOPMENT_TEAM = 4BK48BYJRG;
				GENERATE_INFOPLIST_FILE = YES;
				PRODUCT_BUNDLE_IDENTIFIER = "jade.build-system-tests";
				PRODUCT_NAME = "$(TARGET_NAME)";
				SWIFT_ACTIVE_COMPILATION_CONDITIONS = "UNIT_TESTING $(inherited)";
				SWIFT_APPROACHABLE_CONCURRENCY = YES;
				SWIFT_UPCOMING_FEATURE_MEMBER_IMPORT_VISIBILITY = YES;
				SWIFT_VERSION = 5.0;
			};
			name = Release;
		};
/* End XCBuildConfiguration section */

/* Begin XCConfigurationList section */
		4C937AEA2F1AF44E0099662B /* Build configuration list for PBXProject "build_system" */ = {
			isa = XCConfigurationList;
			buildConfigurations = (
				4C937AF42F1AF44E0099662B /* Debug configuration for PBXProject "build_system" */,
				4C937AF52F1AF44E0099662B /* Release configuration for PBXProject "build_system" */,
			);
			defaultConfigurationName = Release;
		};
		4C937AF62F1AF44E0099662B /* Build configuration list for PBXNativeTarget "build_system" */ = {
			isa = XCConfigurationList;
			buildConfigurations = (
				4C937AF72F1AF44E0099662B /* Debug configuration for PBXNativeTarget "build_system" */,
				4C937AF82F1AF44E0099662B /* Release configuration for PBXNativeTarget "build_system" */,
			);
			defaultConfigurationName = Release;
		};
		4CTESTA22F200000099662B /* Build configuration list for PBXNativeTarget "build_systemTests" */ = {
			isa = XCConfigurationList;
			buildConfigurations = (
				4CTESTA32F200000099662B /* Debug configuration for PBXNativeTarget "build_systemTests" */,
				4CTESTA42F200000099662B /* Release configuration for PBXNativeTarget "build_systemTests" */,
			);
			defaultConfigurationName = Release;
		};
/* End XCConfigurationList section */

/* Begin XCLocalSwiftPackageReference section */
		4C0F1DD52F1C50E400EF3942 /* XCLocalSwiftPackageReference "build_system/DatabaseModels" */ = {
			isa = XCLocalSwiftPackageReference;
			relativePath = build_system/DatabaseModels;
		};
/* End XCLocalSwiftPackageReference section */

/* Begin XCRemoteSwiftPackageReference section */
		4C0F1DD22F1C50E400EF3940 /* XCRemoteSwiftPackageReference "GRDB.swift" */ = {
			isa = XCRemoteSwiftPackageReference;
			repositoryURL = "https://github.com/groue/GRDB.swift.git";
			requirement = {
				kind = exactVersion;
				version = 7.9.0;
			};
		};
/* End XCRemoteSwiftPackageReference section */

/* Begin XCSwiftPackageProductDependency section */
		4C0F1DD32F1C50E400EF3940 /* GRDB */ = {
			isa = XCSwiftPackageProductDependency;
			package = 4C0F1DD22F1C50E400EF3940 /* XCRemoteSwiftPackageReference "GRDB.swift" */;
			productName = GRDB;
		};
		4C0F1DD62F1C50E400EF3942 /* DatabaseModels */ = {
			isa = XCSwiftPackageProductDependency;
			package = 4C0F1DD52F1C50E400EF3942 /* XCLocalSwiftPackageReference "build_system/DatabaseModels" */;
			productName = DatabaseModels;
		};
		4CTESTAD2F200000099662B /* GRDB */ = {
			isa = XCSwiftPackageProductDependency;
			package = 4C0F1DD22F1C50E400EF3940 /* XCRemoteSwiftPackageReference "GRDB.swift" */;
			productName = GRDB;
		};
		4CTESTAE2F200000099662B /* DatabaseModels */ = {
			isa = XCSwiftPackageProductDependency;
			package = 4C0F1DD52F1C50E400EF3942 /* XCLocalSwiftPackageReference "build_system/DatabaseModels" */;
			productName = DatabaseModels;
		};
/* End XCSwiftPackageProductDependency section */
	};
	rootObject = 4C937AE72F1AF44E0099662B /* Project object */;
}
